
Microsoft Visual Studio Solution File, Format Version 12.00
# Visual Studio Version 17
VisualStudioVersion = 17.10.35013.160
MinimumVisualStudioVersion = 10.0.40219.1
Project("{9A19103F-16F7-4668-BE54-9A1E7A4F7556}") = "RentingSystem", "RentingSystem\RentingSystem.csproj", "{B236C43A-1CF2-490F-8746-AB7B931FCF04}"
EndProject
Project("{9A19103F-16F7-4668-BE54-9A1E7A4F7556}") = "RentingSystem.Infrastructure", "RentingSystem.Infrastructure\RentingSystem.Infrastructure.csproj", "{7F2D1447-4304-4878-85CF-1B5C832429E1}"
EndProject
Project("{9A19103F-16F7-4668-BE54-9A1E7A4F7556}") = "RentingSystem.Core", "RentingSystem.Core\RentingSystem.Core.csproj", "{9ABC018C-6189-49AE-8BA4-032428FA1036}"
EndProject
Project("{FAE04EC0-301F-11D3-BF4B-00C04F79EFBC}") = "RentingSystem.Tests", "RentingSystem.Tests\RentingSystem.Tests.csproj", "{C811F946-9FDC-4CCF-BBE4-FD83FFC97003}"
EndProject
Global
	GlobalSection(SolutionConfigurationPlatforms) = preSolution
		Debug|Any CPU = Debug|Any CPU
		Release|Any CPU = Release|Any CPU
	EndGlobalSection
	GlobalSection(ProjectConfigurationPlatforms) = postSolution
		{B236C43A-1CF2-490F-8746-AB7B931FCF04}.Debug|Any CPU.ActiveCfg = Debug|Any CPU
		{B236C43A-1CF2-490F-8746-AB7B931FCF04}.Debug|Any CPU.Build.0 = Debug|Any CPU
		{B236C43A-1CF2-490F-8746-AB7B931FCF04}.Release|Any CPU.ActiveCfg = Release|Any CPU
		{B236C43A-1CF2-490F-8746-AB7B931FCF04}.Release|Any CPU.Build.0 = Release|Any CPU
		{7F2D1447-4304-4878-85CF-1B5C832429E1}.Debug|Any CPU.ActiveCfg = Debug|Any CPU
		{7F2D1447-4304-4878-85CF-1B5C832429E1}.Debug|Any CPU.Build.0 = Debug|Any CPU
		{7F2D1447-4304-4878-85CF-1B5C832429E1}.Release|Any CPU.ActiveCfg = Release|Any CPU
		{7F2D1447-4304-4878-85CF-1B5C832429E1}.Release|Any CPU.Build.0 = Release|Any CPU
		{9ABC018C-6189-49AE-8BA4-032428FA1036}.Debug|Any CPU.ActiveCfg = Debug|Any CPU
		{9ABC018C-6189-49AE-8BA4-032428FA1036}.Debug|Any CPU.Build.0 = Debug|Any CPU
		{9ABC018C-6189-49AE-8BA4-032428FA1036}.Release|Any CPU.ActiveCfg = Release|Any CPU
		{9ABC018C-6189-49AE-8BA4-032428FA1036}.Release|Any CPU.Build.0 = Release|Any CPU
		{C811F946-9FDC-4CCF-BBE4-FD83FFC97003}.Debug|Any CPU.ActiveCfg = Debug|Any CPU
		{C811F946-9FDC-4CCF-BBE4-FD83FFC97003}.Debug|Any CPU.Build.0 = Debug|Any CPU
		{C811F946-9FDC-4CCF-BBE4-FD83FFC97003}.Release|Any CPU.ActiveCfg = Release|Any CPU
		{C811F946-9FDC-4CCF-BBE4-FD83FFC97003}.Release|Any CPU.Build.0 = Release|Any CPU
	EndGlobalSection
	GlobalSection(SolutionProperties) = preSolution
		HideSolutionNode = FALSE
	EndGlobalSection
	GlobalSection(ExtensibilityGlobals) = postSolution
		SolutionGuid = {F727A2E3-841F-4EAC-AF4A-563DEA084943}
	EndGlobalSection
EndGlobal
